
Microsoft Visual Studio Solution File, Format Version 12.00
# Visual Studio Version 16
VisualStudioVersion = 16.0.31624.102
MinimumVisualStudioVersion = 10.0.40219.1
Project("{9A19103F-16F7-4668-BE54-9A1E7A4F7556}") = "ExchangeOffice.Application", "ExchangeOffice.Application\ExchangeOffice.Application.csproj", "{76B39ECD-0290-48A4-9C28-AE95CDAC8EDE}"
EndProject
Global
	GlobalSection(SolutionConfigurationPlatforms) = preSolution
		Debug|Any CPU = Debug|Any CPU
		Release|Any CPU = Release|Any CPU
	EndGlobalSection
	GlobalSection(ProjectConfigurationPlatforms) = postSolution
		{76B39ECD-0290-48A4-9C28-AE95CDAC8EDE}.Debug|Any CPU.ActiveCfg = Debug|Any CPU
		{76B39ECD-0290-48A4-9C28-AE95CDAC8EDE}.Debug|Any CPU.Build.0 = Debug|Any CPU
		{76B39ECD-0290-48A4-9C28-AE95CDAC8EDE}.Release|Any CPU.ActiveCfg = Release|Any CPU
		{76B39ECD-0290-48A4-9C28-AE95CDAC8EDE}.Release|Any CPU.Build.0 = Release|Any CPU
	EndGlobalSection
	GlobalSection(SolutionProperties) = preSolution
		HideSolutionNode = FALSE
	EndGlobalSection
	GlobalSection(ExtensibilityGlobals) = postSolution
		SolutionGuid = {4C7F2DD3-7E35-4BE5-AEDC-A1E59A0BC265}
	EndGlobalSection
EndGlobal
