
Microsoft Visual Studio Solution File, Format Version 12.00
# Visual Studio Version 17
VisualStudioVersion = 17.0.31912.275
MinimumVisualStudioVersion = 10.0.40219.1
Project("{9A19103F-16F7-4668-BE54-9A1E7A4F7556}") = "ExchangeOffice.IRepositories", "ExchangeOffice.IRepositories\ExchangeOffice.IRepositories.csproj", "{4F072A90-2DD0-4795-B133-D04A78963926}"
EndProject
Project("{9A19103F-16F7-4668-BE54-9A1E7A4F7556}") = "ExchangeOffice.Repositories", "ExchangeOffice.Repositories\ExchangeOffice.Repositories.csproj", "{4A4B6482-552C-47A7-8076-02E363585530}"
EndProject
Project("{9A19103F-16F7-4668-BE54-9A1E7A4F7556}") = "ExchangeOffice.IServices", "ExchangeOffice.IServices\ExchangeOffice.IServices.csproj", "{81F347D6-5D3B-497F-B832-33FEB08BA7C6}"
EndProject
Project("{9A19103F-16F7-4668-BE54-9A1E7A4F7556}") = "ExchangeOffice.Services", "ExchangeOffice.Services\ExchangeOffice.Services.csproj", "{A75B1256-17B6-416F-A5AE-CBE5021966BC}"
EndProject
Project("{9A19103F-16F7-4668-BE54-9A1E7A4F7556}") = "ExchangeOffice.Entities", "ExchangeOffice.Entities\ExchangeOffice.Entities.csproj", "{C0003756-8A3F-4A96-8376-97E44A3D1520}"
EndProject
Project("{9A19103F-16F7-4668-BE54-9A1E7A4F7556}") = "ExchangeOffice.App", "ExchangeOffice.App\ExchangeOffice.App.csproj", "{781CF20B-896D-4814-88CD-225B8D37E75A}"
EndProject
Project("{FAE04EC0-301F-11D3-BF4B-00C04F79EFBC}") = "ExchangeOffice.Common", "ExchangeOffice.Common\ExchangeOffice.Common.csproj", "{4EE0C87D-5F1B-4B36-912A-937AFA3CDB54}"
EndProject
Project("{FAE04EC0-301F-11D3-BF4B-00C04F79EFBC}") = "ExchangeOffice.Autofac", "ExchangeOffice.Autofac\ExchangeOffice.Autofac.csproj", "{E9E7F9A4-C024-468E-875C-8E16CB0851E1}"
EndProject
Global
	GlobalSection(SolutionConfigurationPlatforms) = preSolution
		Debug|Any CPU = Debug|Any CPU
		Release|Any CPU = Release|Any CPU
	EndGlobalSection
	GlobalSection(ProjectConfigurationPlatforms) = postSolution
		{4F072A90-2DD0-4795-B133-D04A78963926}.Debug|Any CPU.ActiveCfg = Debug|Any CPU
		{4F072A90-2DD0-4795-B133-D04A78963926}.Debug|Any CPU.Build.0 = Debug|Any CPU
		{4F072A90-2DD0-4795-B133-D04A78963926}.Release|Any CPU.ActiveCfg = Release|Any CPU
		{4F072A90-2DD0-4795-B133-D04A78963926}.Release|Any CPU.Build.0 = Release|Any CPU
		{4A4B6482-552C-47A7-8076-02E363585530}.Debug|Any CPU.ActiveCfg = Debug|Any CPU
		{4A4B6482-552C-47A7-8076-02E363585530}.Debug|Any CPU.Build.0 = Debug|Any CPU
		{4A4B6482-552C-47A7-8076-02E363585530}.Release|Any CPU.ActiveCfg = Release|Any CPU
		{4A4B6482-552C-47A7-8076-02E363585530}.Release|Any CPU.Build.0 = Release|Any CPU
		{81F347D6-5D3B-497F-B832-33FEB08BA7C6}.Debug|Any CPU.ActiveCfg = Debug|Any CPU
		{81F347D6-5D3B-497F-B832-33FEB08BA7C6}.Debug|Any CPU.Build.0 = Debug|Any CPU
		{81F347D6-5D3B-497F-B832-33FEB08BA7C6}.Release|Any CPU.ActiveCfg = Release|Any CPU
		{81F347D6-5D3B-497F-B832-33FEB08BA7C6}.Release|Any CPU.Build.0 = Release|Any CPU
		{A75B1256-17B6-416F-A5AE-CBE5021966BC}.Debug|Any CPU.ActiveCfg = Debug|Any CPU
		{A75B1256-17B6-416F-A5AE-CBE5021966BC}.Debug|Any CPU.Build.0 = Debug|Any CPU
		{A75B1256-17B6-416F-A5AE-CBE5021966BC}.Release|Any CPU.ActiveCfg = Release|Any CPU
		{A75B1256-17B6-416F-A5AE-CBE5021966BC}.Release|Any CPU.Build.0 = Release|Any CPU
		{C0003756-8A3F-4A96-8376-97E44A3D1520}.Debug|Any CPU.ActiveCfg = Debug|Any CPU
		{C0003756-8A3F-4A96-8376-97E44A3D1520}.Debug|Any CPU.Build.0 = Debug|Any CPU
		{C0003756-8A3F-4A96-8376-97E44A3D1520}.Release|Any CPU.ActiveCfg = Release|Any CPU
		{C0003756-8A3F-4A96-8376-97E44A3D1520}.Release|Any CPU.Build.0 = Release|Any CPU
		{781CF20B-896D-4814-88CD-225B8D37E75A}.Debug|Any CPU.ActiveCfg = Debug|Any CPU
		{781CF20B-896D-4814-88CD-225B8D37E75A}.Debug|Any CPU.Build.0 = Debug|Any CPU
		{781CF20B-896D-4814-88CD-225B8D37E75A}.Release|Any CPU.ActiveCfg = Release|Any CPU
		{781CF20B-896D-4814-88CD-225B8D37E75A}.Release|Any CPU.Build.0 = Release|Any CPU
		{4EE0C87D-5F1B-4B36-912A-937AFA3CDB54}.Debug|Any CPU.ActiveCfg = Debug|Any CPU
		{4EE0C87D-5F1B-4B36-912A-937AFA3CDB54}.Debug|Any CPU.Build.0 = Debug|Any CPU
		{4EE0C87D-5F1B-4B36-912A-937AFA3CDB54}.Release|Any CPU.ActiveCfg = Release|Any CPU
		{4EE0C87D-5F1B-4B36-912A-937AFA3CDB54}.Release|Any CPU.Build.0 = Release|Any CPU
		{E9E7F9A4-C024-468E-875C-8E16CB0851E1}.Debug|Any CPU.ActiveCfg = Debug|Any CPU
		{E9E7F9A4-C024-468E-875C-8E16CB0851E1}.Debug|Any CPU.Build.0 = Debug|Any CPU
		{E9E7F9A4-C024-468E-875C-8E16CB0851E1}.Release|Any CPU.ActiveCfg = Release|Any CPU
		{E9E7F9A4-C024-468E-875C-8E16CB0851E1}.Release|Any CPU.Build.0 = Release|Any CPU
	EndGlobalSection
	GlobalSection(SolutionProperties) = preSolution
		HideSolutionNode = FALSE
	EndGlobalSection
	GlobalSection(ExtensibilityGlobals) = postSolution
		SolutionGuid = {4C7F2DD3-7E35-4BE5-AEDC-A1E59A0BC265}
	EndGlobalSection
EndGlobal
